Microsoft Visual Studio Solution File, Format Version 11.00
# Visual Studio 2008

Project("{9982390C-2526-37A1-B772-7CBB7027762D}") = "android studio plugin 1", "Assembly-CSharp.csproj", "{99B36778-26C4-B0A6-4529-530BC26EBB74}"
EndProject
Global
	GlobalSection(SolutionConfigurationPlatforms) = preSolution
		Debug|Any CPU = Debug|Any CPU
		Release|Any CPU = Release|Any CPU
	EndGlobalSection
	GlobalSection(ProjectConfigurationPlatforms) = postSolution
		{99B36778-26C4-B0A6-4529-530BC26EBB74}.Debug|Any CPU.ActiveCfg = Debug|Any CPU
		{99B36778-26C4-B0A6-4529-530BC26EBB74}.Debug|Any CPU.Build.0 = Debug|Any CPU
		{99B36778-26C4-B0A6-4529-530BC26EBB74}.Release|Any CPU.ActiveCfg = Release|Any CPU
		{99B36778-26C4-B0A6-4529-530BC26EBB74}.Release|Any CPU.Build.0 = Release|Any CPU
	EndGlobalSection
	GlobalSection(SolutionProperties) = preSolution
		HideSolutionNode = FALSE
	EndGlobalSection
	GlobalSection(MonoDevelopProperties) = preSolution
		StartupItem = Assembly-CSharp.csproj
	EndGlobalSection
EndGlobal
